
Microsoft Visual Studio Solution File, Format Version 12.00
# Visual Studio Version 17
VisualStudioVersion = 17.9.34526.213
MinimumVisualStudioVersion = 10.0.40219.1
Project("{9A19103F-16F7-4668-BE54-9A1E7A4F7556}") = "01_Decorator", "01_Decorator\01_Decorator.csproj", "{9D8495F2-8D16-4E11-8766-E731731AD592}"
EndProject
Project("{9A19103F-16F7-4668-BE54-9A1E7A4F7556}") = "01_01_Decorator", "01_01_Decorator\01_01_Decorator.csproj", "{298CCCD5-3F6F-4FB0-AE6D-1C45C36FD80B}"
EndProject
Project("{9A19103F-16F7-4668-BE54-9A1E7A4F7556}") = "01_02_Decorator", "01_02_Decorator\01_02_Decorator.csproj", "{EB049F6F-9C79-4D87-B98A-CE1F06C42FAE}"
EndProject
Project("{9A19103F-16F7-4668-BE54-9A1E7A4F7556}") = "02_Facade", "02_Facade\02_Facade.csproj", "{AFAB19AA-D073-4050-AE2E-E55E61CC16C9}"
EndProject
Project("{9A19103F-16F7-4668-BE54-9A1E7A4F7556}") = "03_Bridge", "03_Bridge\03_Bridge.csproj", "{CD1C2B93-5811-43EB-A368-EA3E0DCC0759}"
EndProject
Project("{9A19103F-16F7-4668-BE54-9A1E7A4F7556}") = "04_Composite", "04_Composite\04_Composite.csproj", "{4089180B-6030-47E2-B5FE-A2791541BA27}"
EndProject
Project("{9A19103F-16F7-4668-BE54-9A1E7A4F7556}") = "05_FlyWeight", "05_FlyWeight\05_FlyWeight.csproj", "{B2F67E1D-6336-4AC1-86FA-9D151BB7FE03}"
EndProject
Project("{9A19103F-16F7-4668-BE54-9A1E7A4F7556}") = "06_Adapter", "06_Adapter\06_Adapter.csproj", "{316BB571-3AF2-4B8F-B651-02257504FE0F}"
EndProject
Project("{9A19103F-16F7-4668-BE54-9A1E7A4F7556}") = "07_Prototype", "07_Prototype\07_Prototype.csproj", "{A9878B07-1EA8-4AC4-BCC0-CB3CD709EF69}"
EndProject
Project("{9A19103F-16F7-4668-BE54-9A1E7A4F7556}") = "08_Singleton", "08_Singleton\08_Singleton.csproj", "{C59A111F-4A33-4CB5-B297-DCFBF9C3E762}"
EndProject
Project("{9A19103F-16F7-4668-BE54-9A1E7A4F7556}") = "09_FactoryMethod", "09_FactoryMethod\09_FactoryMethod.csproj", "{F0FCF4DC-B06C-433E-813B-332C350C2B1F}"
EndProject
Project("{9A19103F-16F7-4668-BE54-9A1E7A4F7556}") = "10_Builder", "10_Builder\10_Builder.csproj", "{C26E88BE-DCDE-4676-A7A1-ACAB893BF56D}"
EndProject
Project("{9A19103F-16F7-4668-BE54-9A1E7A4F7556}") = "11_Strategy", "11_Strategy\11_Strategy.csproj", "{9575F1B0-BE99-4B58-8F9D-506BB397F34E}"
EndProject
Project("{9A19103F-16F7-4668-BE54-9A1E7A4F7556}") = "12_ChainOfResponsibility", "12_ChainOfResponsibility\12_ChainOfResponsibility.csproj", "{591658B6-583F-47E3-99AC-08E83DFCF035}"
EndProject
Project("{9A19103F-16F7-4668-BE54-9A1E7A4F7556}") = "13_Command", "13_Command\13_Command.csproj", "{8D57F1FC-CE0B-4DFA-B791-4F7463568503}"
EndProject
Project("{9A19103F-16F7-4668-BE54-9A1E7A4F7556}") = "14_Memento", "14_Memento\14_Memento.csproj", "{FC45FB69-E889-4796-8641-08092A8EE6A5}"
EndProject
Project("{9A19103F-16F7-4668-BE54-9A1E7A4F7556}") = "15_Observer", "15_Observer\15_Observer.csproj", "{281A0D06-3DF8-41D7-8729-DB0627E52A94}"
EndProject
Project("{FAE04EC0-301F-11D3-BF4B-00C04F79EFBC}") = "16_Visitor", "16_Visitor\16_Visitor.csproj", "{0EB8CC63-2D48-49FF-B8A7-9791BF5E75A0}"
EndProject
Global
	GlobalSection(SolutionConfigurationPlatforms) = preSolution
		Debug|Any CPU = Debug|Any CPU
		Release|Any CPU = Release|Any CPU
	EndGlobalSection
	GlobalSection(ProjectConfigurationPlatforms) = postSolution
		{9D8495F2-8D16-4E11-8766-E731731AD592}.Debug|Any CPU.ActiveCfg = Debug|Any CPU
		{9D8495F2-8D16-4E11-8766-E731731AD592}.Debug|Any CPU.Build.0 = Debug|Any CPU
		{9D8495F2-8D16-4E11-8766-E731731AD592}.Release|Any CPU.ActiveCfg = Release|Any CPU
		{9D8495F2-8D16-4E11-8766-E731731AD592}.Release|Any CPU.Build.0 = Release|Any CPU
		{298CCCD5-3F6F-4FB0-AE6D-1C45C36FD80B}.Debug|Any CPU.ActiveCfg = Debug|Any CPU
		{298CCCD5-3F6F-4FB0-AE6D-1C45C36FD80B}.Debug|Any CPU.Build.0 = Debug|Any CPU
		{298CCCD5-3F6F-4FB0-AE6D-1C45C36FD80B}.Release|Any CPU.ActiveCfg = Release|Any CPU
		{298CCCD5-3F6F-4FB0-AE6D-1C45C36FD80B}.Release|Any CPU.Build.0 = Release|Any CPU
		{EB049F6F-9C79-4D87-B98A-CE1F06C42FAE}.Debug|Any CPU.ActiveCfg = Debug|Any CPU
		{EB049F6F-9C79-4D87-B98A-CE1F06C42FAE}.Debug|Any CPU.Build.0 = Debug|Any CPU
		{EB049F6F-9C79-4D87-B98A-CE1F06C42FAE}.Release|Any CPU.ActiveCfg = Release|Any CPU
		{EB049F6F-9C79-4D87-B98A-CE1F06C42FAE}.Release|Any CPU.Build.0 = Release|Any CPU
		{AFAB19AA-D073-4050-AE2E-E55E61CC16C9}.Debug|Any CPU.ActiveCfg = Debug|Any CPU
		{AFAB19AA-D073-4050-AE2E-E55E61CC16C9}.Debug|Any CPU.Build.0 = Debug|Any CPU
		{AFAB19AA-D073-4050-AE2E-E55E61CC16C9}.Release|Any CPU.ActiveCfg = Release|Any CPU
		{AFAB19AA-D073-4050-AE2E-E55E61CC16C9}.Release|Any CPU.Build.0 = Release|Any CPU
		{CD1C2B93-5811-43EB-A368-EA3E0DCC0759}.Debug|Any CPU.ActiveCfg = Debug|Any CPU
		{CD1C2B93-5811-43EB-A368-EA3E0DCC0759}.Debug|Any CPU.Build.0 = Debug|Any CPU
		{CD1C2B93-5811-43EB-A368-EA3E0DCC0759}.Release|Any CPU.ActiveCfg = Release|Any CPU
		{CD1C2B93-5811-43EB-A368-EA3E0DCC0759}.Release|Any CPU.Build.0 = Release|Any CPU
		{4089180B-6030-47E2-B5FE-A2791541BA27}.Debug|Any CPU.ActiveCfg = Debug|Any CPU
		{4089180B-6030-47E2-B5FE-A2791541BA27}.Debug|Any CPU.Build.0 = Debug|Any CPU
		{4089180B-6030-47E2-B5FE-A2791541BA27}.Release|Any CPU.ActiveCfg = Release|Any CPU
		{4089180B-6030-47E2-B5FE-A2791541BA27}.Release|Any CPU.Build.0 = Release|Any CPU
		{B2F67E1D-6336-4AC1-86FA-9D151BB7FE03}.Debug|Any CPU.ActiveCfg = Debug|Any CPU
		{B2F67E1D-6336-4AC1-86FA-9D151BB7FE03}.Debug|Any CPU.Build.0 = Debug|Any CPU
		{B2F67E1D-6336-4AC1-86FA-9D151BB7FE03}.Release|Any CPU.ActiveCfg = Release|Any CPU
		{B2F67E1D-6336-4AC1-86FA-9D151BB7FE03}.Release|Any CPU.Build.0 = Release|Any CPU
		{316BB571-3AF2-4B8F-B651-02257504FE0F}.Debug|Any CPU.ActiveCfg = Debug|Any CPU
		{316BB571-3AF2-4B8F-B651-02257504FE0F}.Debug|Any CPU.Build.0 = Debug|Any CPU
		{316BB571-3AF2-4B8F-B651-02257504FE0F}.Release|Any CPU.ActiveCfg = Release|Any CPU
		{316BB571-3AF2-4B8F-B651-02257504FE0F}.Release|Any CPU.Build.0 = Release|Any CPU
		{A9878B07-1EA8-4AC4-BCC0-CB3CD709EF69}.Debug|Any CPU.ActiveCfg = Debug|Any CPU
		{A9878B07-1EA8-4AC4-BCC0-CB3CD709EF69}.Debug|Any CPU.Build.0 = Debug|Any CPU
		{A9878B07-1EA8-4AC4-BCC0-CB3CD709EF69}.Release|Any CPU.ActiveCfg = Release|Any CPU
		{A9878B07-1EA8-4AC4-BCC0-CB3CD709EF69}.Release|Any CPU.Build.0 = Release|Any CPU
		{C59A111F-4A33-4CB5-B297-DCFBF9C3E762}.Debug|Any CPU.ActiveCfg = Debug|Any CPU
		{C59A111F-4A33-4CB5-B297-DCFBF9C3E762}.Debug|Any CPU.Build.0 = Debug|Any CPU
		{C59A111F-4A33-4CB5-B297-DCFBF9C3E762}.Release|Any CPU.ActiveCfg = Release|Any CPU
		{C59A111F-4A33-4CB5-B297-DCFBF9C3E762}.Release|Any CPU.Build.0 = Release|Any CPU
		{F0FCF4DC-B06C-433E-813B-332C350C2B1F}.Debug|Any CPU.ActiveCfg = Debug|Any CPU
		{F0FCF4DC-B06C-433E-813B-332C350C2B1F}.Debug|Any CPU.Build.0 = Debug|Any CPU
		{F0FCF4DC-B06C-433E-813B-332C350C2B1F}.Release|Any CPU.ActiveCfg = Release|Any CPU
		{F0FCF4DC-B06C-433E-813B-332C350C2B1F}.Release|Any CPU.Build.0 = Release|Any CPU
		{C26E88BE-DCDE-4676-A7A1-ACAB893BF56D}.Debug|Any CPU.ActiveCfg = Debug|Any CPU
		{C26E88BE-DCDE-4676-A7A1-ACAB893BF56D}.Debug|Any CPU.Build.0 = Debug|Any CPU
		{C26E88BE-DCDE-4676-A7A1-ACAB893BF56D}.Release|Any CPU.ActiveCfg = Release|Any CPU
		{C26E88BE-DCDE-4676-A7A1-ACAB893BF56D}.Release|Any CPU.Build.0 = Release|Any CPU
		{9575F1B0-BE99-4B58-8F9D-506BB397F34E}.Debug|Any CPU.ActiveCfg = Debug|Any CPU
		{9575F1B0-BE99-4B58-8F9D-506BB397F34E}.Debug|Any CPU.Build.0 = Debug|Any CPU
		{9575F1B0-BE99-4B58-8F9D-506BB397F34E}.Release|Any CPU.ActiveCfg = Release|Any CPU
		{9575F1B0-BE99-4B58-8F9D-506BB397F34E}.Release|Any CPU.Build.0 = Release|Any CPU
		{591658B6-583F-47E3-99AC-08E83DFCF035}.Debug|Any CPU.ActiveCfg = Debug|Any CPU
		{591658B6-583F-47E3-99AC-08E83DFCF035}.Debug|Any CPU.Build.0 = Debug|Any CPU
		{591658B6-583F-47E3-99AC-08E83DFCF035}.Release|Any CPU.ActiveCfg = Release|Any CPU
		{591658B6-583F-47E3-99AC-08E83DFCF035}.Release|Any CPU.Build.0 = Release|Any CPU
		{8D57F1FC-CE0B-4DFA-B791-4F7463568503}.Debug|Any CPU.ActiveCfg = Debug|Any CPU
		{8D57F1FC-CE0B-4DFA-B791-4F7463568503}.Debug|Any CPU.Build.0 = Debug|Any CPU
		{8D57F1FC-CE0B-4DFA-B791-4F7463568503}.Release|Any CPU.ActiveCfg = Release|Any CPU
		{8D57F1FC-CE0B-4DFA-B791-4F7463568503}.Release|Any CPU.Build.0 = Release|Any CPU
		{FC45FB69-E889-4796-8641-08092A8EE6A5}.Debug|Any CPU.ActiveCfg = Debug|Any CPU
		{FC45FB69-E889-4796-8641-08092A8EE6A5}.Debug|Any CPU.Build.0 = Debug|Any CPU
		{FC45FB69-E889-4796-8641-08092A8EE6A5}.Release|Any CPU.ActiveCfg = Release|Any CPU
		{FC45FB69-E889-4796-8641-08092A8EE6A5}.Release|Any CPU.Build.0 = Release|Any CPU
		{281A0D06-3DF8-41D7-8729-DB0627E52A94}.Debug|Any CPU.ActiveCfg = Debug|Any CPU
		{281A0D06-3DF8-41D7-8729-DB0627E52A94}.Debug|Any CPU.Build.0 = Debug|Any CPU
		{281A0D06-3DF8-41D7-8729-DB0627E52A94}.Release|Any CPU.ActiveCfg = Release|Any CPU
		{281A0D06-3DF8-41D7-8729-DB0627E52A94}.Release|Any CPU.Build.0 = Release|Any CPU
		{0EB8CC63-2D48-49FF-B8A7-9791BF5E75A0}.Debug|Any CPU.ActiveCfg = Debug|Any CPU
		{0EB8CC63-2D48-49FF-B8A7-9791BF5E75A0}.Debug|Any CPU.Build.0 = Debug|Any CPU
		{0EB8CC63-2D48-49FF-B8A7-9791BF5E75A0}.Release|Any CPU.ActiveCfg = Release|Any CPU
		{0EB8CC63-2D48-49FF-B8A7-9791BF5E75A0}.Release|Any CPU.Build.0 = Release|Any CPU
	EndGlobalSection
	GlobalSection(SolutionProperties) = preSolution
		HideSolutionNode = FALSE
	EndGlobalSection
	GlobalSection(ExtensibilityGlobals) = postSolution
		SolutionGuid = {A87AD2A3-F86F-461F-BD6F-9D2104EC6A7A}
	EndGlobalSection
EndGlobal
